
Microsoft Visual Studio Solution File, Format Version 12.00
# Visual Studio Version 17
VisualStudioVersion = 17.8.34330.188
MinimumVisualStudioVersion = 10.0.40219.1
Project("{FAE04EC0-301F-11D3-BF4B-00C04F79EFBC}") = "SeekbarApp.Android", "SeekbarApp\SeekbarApp.Android\SeekbarApp.Android.csproj", "{0344BBC9-1119-4FD4-A61E-1925CD6C5ED2}"
EndProject
Project("{FAE04EC0-301F-11D3-BF4B-00C04F79EFBC}") = "SeekbarApp.iOS", "SeekbarApp\SeekbarApp.iOS\SeekbarApp.iOS.csproj", "{04A8B031-9A2E-478A-A260-D3F26A97982F}"
EndProject
Project("{FAE04EC0-301F-11D3-BF4B-00C04F79EFBC}") = "SeekbarApp", "SeekbarApp\SeekbarApp\SeekbarApp.csproj", "{0F862BC0-9B15-49FE-A062-16B85EAB1A04}"
EndProject
Global
	GlobalSection(SolutionConfigurationPlatforms) = preSolution
		Debug|Any CPU = Debug|Any CPU
		Debug|iPhone = Debug|iPhone
		Debug|iPhoneSimulator = Debug|iPhoneSimulator
		Release|Any CPU = Release|Any CPU
		Release|iPhone = Release|iPhone
		Release|iPhoneSimulator = Release|iPhoneSimulator
	EndGlobalSection
	GlobalSection(ProjectConfigurationPlatforms) = postSolution
		{0344BBC9-1119-4FD4-A61E-1925CD6C5ED2}.Debug|Any CPU.ActiveCfg = Debug|Any CPU
		{0344BBC9-1119-4FD4-A61E-1925CD6C5ED2}.Debug|Any CPU.Build.0 = Debug|Any CPU
		{0344BBC9-1119-4FD4-A61E-1925CD6C5ED2}.Debug|Any CPU.Deploy.0 = Debug|Any CPU
		{0344BBC9-1119-4FD4-A61E-1925CD6C5ED2}.Debug|iPhone.ActiveCfg = Debug|Any CPU
		{0344BBC9-1119-4FD4-A61E-1925CD6C5ED2}.Debug|iPhone.Build.0 = Debug|Any CPU
		{0344BBC9-1119-4FD4-A61E-1925CD6C5ED2}.Debug|iPhone.Deploy.0 = Debug|Any CPU
		{0344BBC9-1119-4FD4-A61E-1925CD6C5ED2}.Debug|iPhoneSimulator.ActiveCfg = Debug|Any CPU
		{0344BBC9-1119-4FD4-A61E-1925CD6C5ED2}.Debug|iPhoneSimulator.Build.0 = Debug|Any CPU
		{0344BBC9-1119-4FD4-A61E-1925CD6C5ED2}.Debug|iPhoneSimulator.Deploy.0 = Debug|Any CPU
		{0344BBC9-1119-4FD4-A61E-1925CD6C5ED2}.Release|Any CPU.ActiveCfg = Release|Any CPU
		{0344BBC9-1119-4FD4-A61E-1925CD6C5ED2}.Release|Any CPU.Build.0 = Release|Any CPU
		{0344BBC9-1119-4FD4-A61E-1925CD6C5ED2}.Release|Any CPU.Deploy.0 = Release|Any CPU
		{0344BBC9-1119-4FD4-A61E-1925CD6C5ED2}.Release|iPhone.ActiveCfg = Release|Any CPU
		{0344BBC9-1119-4FD4-A61E-1925CD6C5ED2}.Release|iPhone.Build.0 = Release|Any CPU
		{0344BBC9-1119-4FD4-A61E-1925CD6C5ED2}.Release|iPhone.Deploy.0 = Release|Any CPU
		{0344BBC9-1119-4FD4-A61E-1925CD6C5ED2}.Release|iPhoneSimulator.ActiveCfg = Release|Any CPU
		{0344BBC9-1119-4FD4-A61E-1925CD6C5ED2}.Release|iPhoneSimulator.Build.0 = Release|Any CPU
		{0344BBC9-1119-4FD4-A61E-1925CD6C5ED2}.Release|iPhoneSimulator.Deploy.0 = Release|Any CPU
		{04A8B031-9A2E-478A-A260-D3F26A97982F}.Debug|Any CPU.ActiveCfg = Debug|iPhone
		{04A8B031-9A2E-478A-A260-D3F26A97982F}.Debug|Any CPU.Build.0 = Debug|iPhone
		{04A8B031-9A2E-478A-A260-D3F26A97982F}.Debug|Any CPU.Deploy.0 = Debug|iPhone
		{04A8B031-9A2E-478A-A260-D3F26A97982F}.Debug|iPhone.ActiveCfg = Debug|iPhone
		{04A8B031-9A2E-478A-A260-D3F26A97982F}.Debug|iPhone.Build.0 = Debug|iPhone
		{04A8B031-9A2E-478A-A260-D3F26A97982F}.Debug|iPhone.Deploy.0 = Debug|iPhone
		{04A8B031-9A2E-478A-A260-D3F26A97982F}.Debug|iPhoneSimulator.ActiveCfg = Debug|iPhoneSimulator
		{04A8B031-9A2E-478A-A260-D3F26A97982F}.Debug|iPhoneSimulator.Build.0 = Debug|iPhoneSimulator
		{04A8B031-9A2E-478A-A260-D3F26A97982F}.Debug|iPhoneSimulator.Deploy.0 = Debug|iPhoneSimulator
		{04A8B031-9A2E-478A-A260-D3F26A97982F}.Release|Any CPU.ActiveCfg = Release|iPhoneSimulator
		{04A8B031-9A2E-478A-A260-D3F26A97982F}.Release|Any CPU.Build.0 = Release|iPhoneSimulator
		{04A8B031-9A2E-478A-A260-D3F26A97982F}.Release|Any CPU.Deploy.0 = Release|iPhoneSimulator
		{04A8B031-9A2E-478A-A260-D3F26A97982F}.Release|iPhone.ActiveCfg = Release|iPhone
		{04A8B031-9A2E-478A-A260-D3F26A97982F}.Release|iPhone.Build.0 = Release|iPhone
		{04A8B031-9A2E-478A-A260-D3F26A97982F}.Release|iPhone.Deploy.0 = Release|iPhone
		{04A8B031-9A2E-478A-A260-D3F26A97982F}.Release|iPhoneSimulator.ActiveCfg = Release|iPhoneSimulator
		{04A8B031-9A2E-478A-A260-D3F26A97982F}.Release|iPhoneSimulator.Build.0 = Release|iPhoneSimulator
		{04A8B031-9A2E-478A-A260-D3F26A97982F}.Release|iPhoneSimulator.Deploy.0 = Release|iPhoneSimulator
		{0F862BC0-9B15-49FE-A062-16B85EAB1A04}.Debug|Any CPU.ActiveCfg = Debug|Any CPU
		{0F862BC0-9B15-49FE-A062-16B85EAB1A04}.Debug|Any CPU.Build.0 = Debug|Any CPU
		{0F862BC0-9B15-49FE-A062-16B85EAB1A04}.Debug|Any CPU.Deploy.0 = Debug|Any CPU
		{0F862BC0-9B15-49FE-A062-16B85EAB1A04}.Debug|iPhone.ActiveCfg = Debug|Any CPU
		{0F862BC0-9B15-49FE-A062-16B85EAB1A04}.Debug|iPhone.Build.0 = Debug|Any CPU
		{0F862BC0-9B15-49FE-A062-16B85EAB1A04}.Debug|iPhone.Deploy.0 = Debug|Any CPU
		{0F862BC0-9B15-49FE-A062-16B85EAB1A04}.Debug|iPhoneSimulator.ActiveCfg = Debug|Any CPU
		{0F862BC0-9B15-49FE-A062-16B85EAB1A04}.Debug|iPhoneSimulator.Build.0 = Debug|Any CPU
		{0F862BC0-9B15-49FE-A062-16B85EAB1A04}.Debug|iPhoneSimulator.Deploy.0 = Debug|Any CPU
		{0F862BC0-9B15-49FE-A062-16B85EAB1A04}.Release|Any CPU.ActiveCfg = Release|Any CPU
		{0F862BC0-9B15-49FE-A062-16B85EAB1A04}.Release|Any CPU.Build.0 = Release|Any CPU
		{0F862BC0-9B15-49FE-A062-16B85EAB1A04}.Release|Any CPU.Deploy.0 = Release|Any CPU
		{0F862BC0-9B15-49FE-A062-16B85EAB1A04}.Release|iPhone.ActiveCfg = Release|Any CPU
		{0F862BC0-9B15-49FE-A062-16B85EAB1A04}.Release|iPhone.Build.0 = Release|Any CPU
		{0F862BC0-9B15-49FE-A062-16B85EAB1A04}.Release|iPhone.Deploy.0 = Release|Any CPU
		{0F862BC0-9B15-49FE-A062-16B85EAB1A04}.Release|iPhoneSimulator.ActiveCfg = Release|Any CPU
		{0F862BC0-9B15-49FE-A062-16B85EAB1A04}.Release|iPhoneSimulator.Build.0 = Release|Any CPU
		{0F862BC0-9B15-49FE-A062-16B85EAB1A04}.Release|iPhoneSimulator.Deploy.0 = Release|Any CPU
	EndGlobalSection
	GlobalSection(SolutionProperties) = preSolution
		HideSolutionNode = FALSE
	EndGlobalSection
	GlobalSection(ExtensibilityGlobals) = postSolution
		SolutionGuid = {72EB5831-6000-4998-8C83-D864D1280EA2}
	EndGlobalSection
EndGlobal
